PODS:
  - Alamofire (5.4.4)
  - GoogleMaps (5.2.0):
    - GoogleMaps/Maps (= 5.2.0)
  - GoogleMaps/Base (5.2.0)
  - GoogleMaps/Maps (5.2.0):
    - GoogleMaps/Base
  - SwiftyJSON (5.0.1)

DEPENDENCIES:
  - Alamofire
  - GoogleMaps
  - SwiftyJSON

SPEC REPOS:
  trunk:
    - Alamofire
    - GoogleMaps
    - SwiftyJSON

SPEC CHECKSUMS:
  Alamofire: f3b09a368f1582ab751b3fff5460276e0d2cf5c9
  GoogleMaps: 025272d5876d3b32604e5c080dc25eaf68764693
  SwiftyJSON: 2f33a42c6fbc52764d96f13368585094bfd8aa5e

PODFILE CHECKSUM: 439a02a8a45890d60b8eaf1e2c6e523bb871a60e

COCOAPODS: 1.11.2
